// !$*UTF8*$!
{
	archiveVersion = 1;
	classes = {
	};
	objectVersion = 77;
	objects = {

/* Begin PBXBuildFile section */
		3263361B2D6D054B009C705D /* FirebaseAuth in Frameworks */ = {isa = PBXBuildFile; productRef = 3263361A2D6D054B009C705D /* FirebaseAuth */; };
		3263361D2D6D054B009C705D /* FirebaseFirestore in Frameworks */ = {isa = PBXBuildFile; productRef = 3263361C2D6D054B009C705D /* FirebaseFirestore */; };
		3263361F2D6D054B009C705D /* FirebaseFirestoreCombine-Community in Frameworks */ = {isa = PBXBuildFile; productRef = 3263361E2D6D054B009C705D /* FirebaseFirestoreCombine-Community */; };
		326336222D6D1077009C705D /* UIKit.framework in Frameworks */ = {isa = PBXBuildFile; fileRef = 326336212D6D1077009C705D /* UIKit.framework */; platformFilters = (ios, xros, ); };
		3275E8952D908D1A00510336 /* GoogleSignIn in Frameworks */ = {isa = PBXBuildFile; productRef = 3275E8942D908D1A00510336 /* GoogleSignIn */; };
		3275E8972D908D2100510336 /* GoogleSignInSwift in Frameworks */ = {isa = PBXBuildFile; productRef = 3275E8962D908D2100510336 /* GoogleSignInSwift */; };
		3275E8992D908D3400510336 /* FirebaseCore in Frameworks */ = {isa = PBXBuildFile; productRef = 3275E8982D908D3400510336 /* FirebaseCore */; };
/* End PBXBuildFile section */

/* Begin PBXContainerItemProxy section */
		326335FB2D6D0062009C705D /* PBXContainerItemProxy */ = {
			isa = PBXContainerItemProxy;
			containerPortal = 326335DF2D6D0060009C705D /* Project object */;
			proxyType = 1;
			remoteGlobalIDString = 326335E62D6D0060009C705D;
			remoteInfo = GuuberBETA;
		};
		326336052D6D0062009C705D /* PBXContainerItemProxy */ = {
			isa = PBXContainerItemProxy;
			containerPortal = 326335DF2D6D0060009C705D /* Project object */;
			proxyType = 1;
			remoteGlobalIDString = 326335E62D6D0060009C705D;
			remoteInfo = GuuberBETA;
		};
/* End PBXContainerItemProxy section */

/* Begin PBXFileReference section */
		326335E72D6D0060009C705D /* GuuberBETA.app */ = {isa = PBXFileReference; explicitFileType = wrapper.application; includeInIndex = 0; path = GuuberBETA.app; sourceTree = BUILT_PRODUCTS_DIR; };
		326335FA2D6D0062009C705D /* GuuberBETATests.xctest */ = {isa = PBXFileReference; explicitFileType = wrapper.cfbundle; includeInIndex = 0; path = GuuberBETATests.xctest; sourceTree = BUILT_PRODUCTS_DIR; };
		326336042D6D0062009C705D /* GuuberBETAUITests.xctest */ = {isa = PBXFileReference; explicitFileType = wrapper.cfbundle; includeInIndex = 0; path = GuuberBETAUITests.xctest; sourceTree = BUILT_PRODUCTS_DIR; };
		326336212D6D1077009C705D /* UIKit.framework */ = {isa = PBXFileReference; lastKnownFileType = wrapper.framework; name = UIKit.framework; path = Platforms/iPhoneOS.platform/Developer/SDKs/iPhoneOS18.2.sdk/System/Library/Frameworks/UIKit.framework; sourceTree = DEVELOPER_DIR; };
/* End PBXFileReference section */

/* Begin PBXFileSystemSynchronizedRootGroup section */
		326335E92D6D0060009C705D /* GuuberBETA */ = {
			isa = PBXFileSystemSynchronizedRootGroup;
			path = GuuberBETA;
			sourceTree = "<group>";
		};
		326335FD2D6D0062009C705D /* GuuberBETATests */ = {
			isa = PBXFileSystemSynchronizedRootGroup;
			path = GuuberBETATests;
			sourceTree = "<group>";
		};
		326336072D6D0062009C705D /* GuuberBETAUITests */ = {
			isa = PBXFileSystemSynchronizedRootGroup;
			path = GuuberBETAUITests;
			sourceTree = "<group>";
		};
/* End PBXFileSystemSynchronizedRootGroup section */

/* Begin PBXFrameworksBuildPhase section */
		326335E42D6D0060009C705D /* Frameworks */ = {
			isa = PBXFrameworksBuildPhase;
			buildActionMask = 2147483647;
			files = (
				3275E8952D908D1A00510336 /* GoogleSignIn in Frameworks */,
				3263361F2D6D054B009C705D /* FirebaseFirestoreCombine-Community in Frameworks */,
				326336222D6D1077009C705D /* UIKit.framework in Frameworks */,
				3275E8972D908D2100510336 /* GoogleSignInSwift in Frameworks */,
				3275E8992D908D3400510336 /* FirebaseCore in Frameworks */,
				3263361B2D6D054B009C705D /* FirebaseAuth in Frameworks */,
				3263361D2D6D054B009C705D /* FirebaseFirestore in Frameworks */,
			);
			runOnlyForDeploymentPostprocessing = 0;
		};
		326335F72D6D0062009C705D /* Frameworks */ = {
			isa = PBXFrameworksBuildPhase;
			buildActionMask = 2147483647;
			files = (
			);
			runOnlyForDeploymentPostprocessing = 0;
		};
		326336012D6D0062009C705D /* Frameworks */ = {
			isa = PBXFrameworksBuildPhase;
			buildActionMask = 2147483647;
			files = (
			);
			runOnlyForDeploymentPostprocessing = 0;
		};
/* End PBXFrameworksBuildPhase section */

/* Begin PBXGroup section */
		326335DE2D6D0060009C705D = {
			isa = PBXGroup;
			children = (
				326335E92D6D0060009C705D /* GuuberBETA */,
				326335FD2D6D0062009C705D /* GuuberBETATests */,
				326336072D6D0062009C705D /* GuuberBETAUITests */,
				326336202D6D1076009C705D /* Frameworks */,
				326335E82D6D0060009C705D /* Products */,
			);
			sourceTree = "<group>";
		};
		326335E82D6D0060009C705D /* Products */ = {
			isa = PBXGroup;
			children = (
				326335E72D6D0060009C705D /* GuuberBETA.app */,
				326335FA2D6D0062009C705D /* GuuberBETATests.xctest */,
				326336042D6D0062009C705D /* GuuberBETAUITests.xctest */,
			);
			name = Products;
			sourceTree = "<group>";
		};
		326336202D6D1076009C705D /* Frameworks */ = {
			isa = PBXGroup;
			children = (
				326336212D6D1077009C705D /* UIKit.framework */,
			);
			name = Frameworks;
			sourceTree = "<group>";
		};
/* End PBXGroup section */

/* Begin PBXNativeTarget section */
		326335E62D6D0060009C705D /* GuuberBETA */ = {
			isa = PBXNativeTarget;
			buildConfigurationList = 3263360E2D6D0062009C705D /* Build configuration list for PBXNativeTarget "GuuberBETA" */;
			buildPhases = (
				326335E32D6D0060009C705D /* Sources */,
				326335E42D6D0060009C705D /* Frameworks */,
				326335E52D6D0060009C705D /* Resources */,
			);
			buildRules = (
			);
			dependencies = (
			);
			fileSystemSynchronizedGroups = (
				326335E92D6D0060009C705D /* GuuberBETA */,
			);
			name = GuuberBETA;
			packageProductDependencies = (
				3263361A2D6D054B009C705D /* FirebaseAuth */,
				3263361C2D6D054B009C705D /* FirebaseFirestore */,
				3263361E2D6D054B009C705D /* FirebaseFirestoreCombine-Community */,
				3275E8942D908D1A00510336 /* GoogleSignIn */,
				3275E8962D908D2100510336 /* GoogleSignInSwift */,
				3275E8982D908D3400510336 /* FirebaseCore */,
			);
			productName = GuuberBETA;
			productReference = 326335E72D6D0060009C705D /* GuuberBETA.app */;
			productType = "com.apple.product-type.application";
		};
		326335F92D6D0062009C705D /* GuuberBETATests */ = {
			isa = PBXNativeTarget;
			buildConfigurationList = 326336112D6D0062009C705D /* Build configuration list for PBXNativeTarget "GuuberBETATests" */;
			buildPhases = (
				326335F62D6D0062009C705D /* Sources */,
				326335F72D6D0062009C705D /* Frameworks */,
				326335F82D6D0062009C705D /* Resources */,
			);
			buildRules = (
			);
			dependencies = (
				326335FC2D6D0062009C705D /* PBXTargetDependency */,
			);
			fileSystemSynchronizedGroups = (
				326335FD2D6D0062009C705D /* GuuberBETATests */,
			);
			name = GuuberBETATests;
			packageProductDependencies = (
			);
			productName = GuuberBETATests;
			productReference = 326335FA2D6D0062009C705D /* GuuberBETATests.xctest */;
			productType = "com.apple.product-type.bundle.unit-test";
		};
		326336032D6D0062009C705D /* GuuberBETAUITests */ = {
			isa = PBXNativeTarget;
			buildConfigurationList = 326336142D6D0062009C705D /* Build configuration list for PBXNativeTarget "GuuberBETAUITests" */;
			buildPhases = (
				326336002D6D0062009C705D /* Sources */,
				326336012D6D0062009C705D /* Frameworks */,
				326336022D6D0062009C705D /* Resources */,
			);
			buildRules = (
			);
			dependencies = (
				326336062D6D0062009C705D /* PBXTargetDependency */,
			);
			fileSystemSynchronizedGroups = (
				326336072D6D0062009C705D /* GuuberBETAUITests */,
			);
			name = GuuberBETAUITests;
			packageProductDependencies = (
			);
			productName = GuuberBETAUITests;
			productReference = 326336042D6D0062009C705D /* GuuberBETAUITests.xctest */;
			productType = "com.apple.product-type.bundle.ui-testing";
		};
/* End PBXNativeTarget section */

/* Begin PBXProject section */
		326335DF2D6D0060009C705D /* Project object */ = {
			isa = PBXProject;
			attributes = {
				BuildIndependentTargetsInParallel = 1;
				LastSwiftUpdateCheck = 1620;
				LastUpgradeCheck = 1620;
				TargetAttributes = {
					326335E62D6D0060009C705D = {
						CreatedOnToolsVersion = 16.2;
					};
					326335F92D6D0062009C705D = {
						CreatedOnToolsVersion = 16.2;
						TestTargetID = 326335E62D6D0060009C705D;
					};
					326336032D6D0062009C705D = {
						CreatedOnToolsVersion = 16.2;
						TestTargetID = 326335E62D6D0060009C705D;
					};
				};
			};
			buildConfigurationList = 326335E22D6D0060009C705D /* Build configuration list for PBXProject "GuuberBETA" */;
			developmentRegion = en;
			hasScannedForEncodings = 0;
			knownRegions = (
				en,
				Base,
			);
			mainGroup = 326335DE2D6D0060009C705D;
			minimizedProjectReferenceProxies = 1;
			packageReferences = (
				326336192D6D054B009C705D /* XCRemoteSwiftPackageReference "firebase-ios-sdk" */,
				32B2949C2D90874300D99FE0 /* XCRemoteSwiftPackageReference "GoogleSignIn-iOS" */,
			);
			preferredProjectObjectVersion = 77;
			productRefGroup = 326335E82D6D0060009C705D /* Products */;
			projectDirPath = "";
			projectRoot = "";
			targets = (
				326335E62D6D0060009C705D /* GuuberBETA */,
				326335F92D6D0062009C705D /* GuuberBETATests */,
				326336032D6D0062009C705D /* GuuberBETAUITests */,
			);
		};
/* End PBXProject section */

/* Begin PBXResourcesBuildPhase section */
		326335E52D6D0060009C705D /* Resources */ = {
			isa = PBXResourcesBuildPhase;
			buildActionMask = 2147483647;
			files = (
			);
			runOnlyForDeploymentPostprocessing = 0;
		};
		326335F82D6D0062009C705D /* Resources */ = {
			isa = PBXResourcesBuildPhase;
			buildActionMask = 2147483647;
			files = (
			);
			runOnlyForDeploymentPostprocessing = 0;
		};
		326336022D6D0062009C705D /* Resources */ = {
			isa = PBXResourcesBuildPhase;
			buildActionMask = 2147483647;
			files = (
			);
			runOnlyForDeploymentPostprocessing = 0;
		};
/* End PBXResourcesBuildPhase section */

/* Begin PBXSourcesBuildPhase section */
		326335E32D6D0060009C705D /* Sources */ = {
			isa = PBXSourcesBuildPhase;
			buildActionMask = 2147483647;
			files = (
			);
			runOnlyForDeploymentPostprocessing = 0;
		};
		326335F62D6D0062009C705D /* Sources */ = {
			isa = PBXSourcesBuildPhase;
			buildActionMask = 2147483647;
			files = (
			);
			runOnlyForDeploymentPostprocessing = 0;
		};
		326336002D6D0062009C705D /* Sources */ = {
			isa = PBXSourcesBuildPhase;
			buildActionMask = 2147483647;
			files = (
			);
			runOnlyForDeploymentPostprocessing = 0;
		};
/* End PBXSourcesBuildPhase section */

/* Begin PBXTargetDependency section */
		326335FC2D6D0062009C705D /* PBXTargetDependency */ = {
			isa = PBXTargetDependency;
			target = 326335E62D6D0060009C705D /* GuuberBETA */;
			targetProxy = 326335FB2D6D0062009C705D /* PBXContainerItemProxy */;
		};
		326336062D6D0062009C705D /* PBXTargetDependency */ = {
			isa = PBXTargetDependency;
			target = 326335E62D6D0060009C705D /* GuuberBETA */;
			targetProxy = 326336052D6D0062009C705D /* PBXContainerItemProxy */;
		};
/* End PBXTargetDependency section */

/* Begin XCBuildConfiguration section */
		3263360C2D6D0062009C705D /* Debug */ = {
			isa = XCBuildConfiguration;
			buildSettings = {
				ALWAYS_SEARCH_USER_PATHS = NO;
				ASSETCATALOG_COMPILER_GENERATE_SWIFT_ASSET_SYMBOL_EXTENSIONS = YES;
				CLANG_ANALYZER_NONNULL = YES;
				CLANG_ANALYZER_NUMBER_OBJECT_CONVERSION = YES_AGGRESSIVE;
				CLANG_CXX_LANGUAGE_STANDARD = "gnu++20";
				CLANG_ENABLE_MODULES = YES;
				CLANG_ENABLE_OBJC_ARC = YES;
				CLANG_ENABLE_OBJC_WEAK = YES;
				CLANG_WARN_BLOCK_CAPTURE_AUTORELEASING = YES;
				CLANG_WARN_BOOL_CONVERSION = YES;
				CLANG_WARN_COMMA = YES;
				CLANG_WARN_CONSTANT_CONVERSION = YES;
				CLANG_WARN_DEPRECATED_OBJC_IMPLEMENTATIONS = YES;
				CLANG_WARN_DIRECT_OBJC_ISA_USAGE = YES_ERROR;
				CLANG_WARN_DOCUMENTATION_COMMENTS = YES;
				CLANG_WARN_EMPTY_BODY = YES;
				CLANG_WARN_ENUM_CONVERSION = YES;
				CLANG_WARN_INFINITE_RECURSION = YES;
				CLANG_WARN_INT_CONVERSION = YES;
				CLANG_WARN_NON_LITERAL_NULL_CONVERSION = YES;
				CLANG_WARN_OBJC_IMPLICIT_RETAIN_SELF = YES;
				CLANG_WARN_OBJC_LITERAL_CONVERSION = YES;
				CLANG_WARN_OBJC_ROOT_CLASS = YES_ERROR;
				CLANG_WARN_QUOTED_INCLUDE_IN_FRAMEWORK_HEADER = YES;
				CLANG_WARN_RANGE_LOOP_ANALYSIS = YES;
				CLANG_WARN_STRICT_PROTOTYPES = YES;
				CLANG_WARN_SUSPICIOUS_MOVE = YES;
				CLANG_WARN_UNGUARDED_AVAILABILITY = YES_AGGRESSIVE;
				CLANG_WARN_UNREACHABLE_CODE = YES;
				CLANG_WARN__DUPLICATE_METHOD_MATCH = YES;
				COPY_PHASE_STRIP = NO;
				DEBUG_INFORMATION_FORMAT = dwarf;
				ENABLE_STRICT_OBJC_MSGSEND = YES;
				ENABLE_TESTABILITY = YES;
				ENABLE_USER_SCRIPT_SANDBOXING = YES;
				GCC_C_LANGUAGE_STANDARD = gnu17;
				GCC_DYNAMIC_NO_PIC = NO;
				GCC_NO_COMMON_BLOCKS = YES;
				GCC_OPTIMIZATION_LEVEL = 0;
				GCC_PREPROCESSOR_DEFINITIONS = (
					"DEBUG=1",
					"$(inherited)",
				);
				GCC_WARN_64_TO_32_BIT_CONVERSION = YES;
				GCC_WARN_ABOUT_RETURN_TYPE = YES_ERROR;
				GCC_WARN_UNDECLARED_SELECTOR = YES;
				GCC_WARN_UNINITIALIZED_AUTOS = YES_AGGRESSIVE;
				GCC_WARN_UNUSED_FUNCTION = YES;
				GCC_WARN_UNUSED_VARIABLE = YES;
				LOCALIZATION_PREFERS_STRING_CATALOGS = YES;
				MTL_ENABLE_DEBUG_INFO = INCLUDE_SOURCE;
				MTL_FAST_MATH = YES;
				ONLY_ACTIVE_ARCH = YES;
				SWIFT_ACTIVE_COMPILATION_CONDITIONS = "DEBUG $(inherited)";
				SWIFT_OPTIMIZATION_LEVEL = "-Onone";
			};
			name = Debug;
		};
		3263360D2D6D0062009C705D /* Release */ = {
			isa = XCBuildConfiguration;
			buildSettings = {
				ALWAYS_SEARCH_USER_PATHS = NO;
				ASSETCATALOG_COMPILER_GENERATE_SWIFT_ASSET_SYMBOL_EXTENSIONS = YES;
				CLANG_ANALYZER_NONNULL = YES;
				CLANG_ANALYZER_NUMBER_OBJECT_CONVERSION = YES_AGGRESSIVE;
				CLANG_CXX_LANGUAGE_STANDARD = "gnu++20";
				CLANG_ENABLE_MODULES = YES;
				CLANG_ENABLE_OBJC_ARC = YES;
				CLANG_ENABLE_OBJC_WEAK = YES;
				CLANG_WARN_BLOCK_CAPTURE_AUTORELEASING = YES;
				CLANG_WARN_BOOL_CONVERSION = YES;
				CLANG_WARN_COMMA = YES;
				CLANG_WARN_CONSTANT_CONVERSION = YES;
				CLANG_WARN_DEPRECATED_OBJC_IMPLEMENTATIONS = YES;
				CLANG_WARN_DIRECT_OBJC_ISA_USAGE = YES_ERROR;
				CLANG_WARN_DOCUMENTATION_COMMENTS = YES;
				CLANG_WARN_EMPTY_BODY = YES;
				CLANG_WARN_ENUM_CONVERSION = YES;
				CLANG_WARN_INFINITE_RECURSION = YES;
				CLANG_WARN_INT_CONVERSION = YES;
				CLANG_WARN_NON_LITERAL_NULL_CONVERSION = YES;
				CLANG_WARN_OBJC_IMPLICIT_RETAIN_SELF = YES;
				CLANG_WARN_OBJC_LITERAL_CONVERSION = YES;
				CLANG_WARN_OBJC_ROOT_CLASS = YES_ERROR;
				CLANG_WARN_QUOTED_INCLUDE_IN_FRAMEWORK_HEADER = YES;
				CLANG_WARN_RANGE_LOOP_ANALYSIS = YES;
				CLANG_WARN_STRICT_PROTOTYPES = YES;
				CLANG_WARN_SUSPICIOUS_MOVE = YES;
				CLANG_WARN_UNGUARDED_AVAILABILITY = YES_AGGRESSIVE;
				CLANG_WARN_UNREACHABLE_CODE = YES;
				CLANG_WARN__DUPLICATE_METHOD_MATCH = YES;
				COPY_PHASE_STRIP = NO;
				DEBUG_INFORMATION_FORMAT = "dwarf-with-dsym";
				ENABLE_NS_ASSERTIONS = NO;
				ENABLE_STRICT_OBJC_MSGSEND = YES;
				ENABLE_USER_SCRIPT_SANDBOXING = YES;
				GCC_C_LANGUAGE_STANDARD = gnu17;
				GCC_NO_COMMON_BLOCKS = YES;
				GCC_WARN_64_TO_32_BIT_CONVERSION = YES;
				GCC_WARN_ABOUT_RETURN_TYPE = YES_ERROR;
				GCC_WARN_UNDECLARED_SELECTOR = YES;
				GCC_WARN_UNINITIALIZED_AUTOS = YES_AGGRESSIVE;
				GCC_WARN_UNUSED_FUNCTION = YES;
				GCC_WARN_UNUSED_VARIABLE = YES;
				LOCALIZATION_PREFERS_STRING_CATALOGS = YES;
				MTL_ENABLE_DEBUG_INFO = NO;
				MTL_FAST_MATH = YES;
				SWIFT_COMPILATION_MODE = wholemodule;
			};
			name = Release;
		};
		3263360F2D6D0062009C705D /* Debug */ = {
			isa = XCBuildConfiguration;
			buildSettings = {
				ASSETCATALOG_COMPILER_APPICON_NAME = AppIcon;
				ASSETCATALOG_COMPILER_GLOBAL_ACCENT_COLOR_NAME = AccentColor;
				CODE_SIGN_ENTITLEMENTS = GuuberBETA/GuuberBETA.entitlements;
				"CODE_SIGN_IDENTITY[sdk=macosx*]" = "Apple Development";
				CODE_SIGN_STYLE = Automatic;
				CURRENT_PROJECT_VERSION = 1;
				DEVELOPMENT_ASSET_PATHS = "\"GuuberBETA/Preview Content\"";
				DEVELOPMENT_TEAM = DC9JSV32KU;
				ENABLE_PREVIEWS = YES;
				GENERATE_INFOPLIST_FILE = YES;
				INFOPLIST_KEY_CFBundleDisplayName = Guuber;
				INFOPLIST_KEY_LSApplicationCategoryType = "public.app-category.travel";
				"INFOPLIST_KEY_UIApplicationSceneManifest_Generation[sdk=iphoneos*]" = YES;
				"INFOPLIST_KEY_UIApplicationSceneManifest_Generation[sdk=iphonesimulator*]" = YES;
				"INFOPLIST_KEY_UIApplicationSupportsIndirectInputEvents[sdk=iphoneos*]" = YES;
				"INFOPLIST_KEY_UIApplicationSupportsIndirectInputEvents[sdk=iphonesimulator*]" = YES;
				"INFOPLIST_KEY_UILaunchScreen_Generation[sdk=iphoneos*]" = YES;
				"INFOPLIST_KEY_UILaunchScreen_Generation[sdk=iphonesimulator*]" = YES;
				"INFOPLIST_KEY_UIStatusBarStyle[sdk=iphoneos*]" = UIStatusBarStyleDefault;
				"INFOPLIST_KEY_UIStatusBarStyle[sdk=iphonesimulator*]" = UIStatusBarStyleDefault;
				INFOPLIST_KEY_UISupportedInterfaceOrientations = UIInterfaceOrientationPortrait;
				IPHONEOS_DEPLOYMENT_TARGET = 18.2;
				LD_RUNPATH_SEARCH_PATHS = "@executable_path/Frameworks";
				"LD_RUNPATH_SEARCH_PATHS[sdk=macosx*]" = "@executable_path/../Frameworks";
				MACOSX_DEPLOYMENT_TARGET = 14.0;
				MARKETING_VERSION = 1.0;
				PRODUCT_BUNDLE_IDENTIFIER = Guuber.GuuberBETA;
				PRODUCT_NAME = "$(TARGET_NAME)";
				SDKROOT = auto;
				SUPPORTED_PLATFORMS = "iphoneos iphonesimulator macosx xros xrsimulator";
				SWIFT_EMIT_LOC_STRINGS = YES;
				SWIFT_VERSION = 5.0;
				TARGETED_DEVICE_FAMILY = "1,2,7";
				XROS_DEPLOYMENT_TARGET = 2.2;
			};
			name = Debug;
		};
		326336102D6D0062009C705D /* Release */ = {
			isa = XCBuildConfiguration;
			buildSettings = {
				ASSETCATALOG_COMPILER_APPICON_NAME = AppIcon;
				ASSETCATALOG_COMPILER_GLOBAL_ACCENT_COLOR_NAME = AccentColor;
				CODE_SIGN_ENTITLEMENTS = GuuberBETA/GuuberBETA.entitlements;
				"CODE_SIGN_IDENTITY[sdk=macosx*]" = "Apple Development";
				CODE_SIGN_STYLE = Automatic;
				CURRENT_PROJECT_VERSION = 1;
				DEVELOPMENT_ASSET_PATHS = "\"GuuberBETA/Preview Content\"";
				DEVELOPMENT_TEAM = DC9JSV32KU;
				ENABLE_PREVIEWS = YES;
				GENERATE_INFOPLIST_FILE = YES;
				INFOPLIST_KEY_CFBundleDisplayName = Guuber;
				INFOPLIST_KEY_LSApplicationCategoryType = "public.app-category.travel";
				"INFOPLIST_KEY_UIApplicationSceneManifest_Generation[sdk=iphoneos*]" = YES;
				"INFOPLIST_KEY_UIApplicationSceneManifest_Generation[sdk=iphonesimulator*]" = YES;
				"INFOPLIST_KEY_UIApplicationSupportsIndirectInputEvents[sdk=iphoneos*]" = YES;
				"INFOPLIST_KEY_UIApplicationSupportsIndirectInputEvents[sdk=iphonesimulator*]" = YES;
				"INFOPLIST_KEY_UILaunchScreen_Generation[sdk=iphoneos*]" = YES;
				"INFOPLIST_KEY_UILaunchScreen_Generation[sdk=iphonesimulator*]" = YES;
				"INFOPLIST_KEY_UIStatusBarStyle[sdk=iphoneos*]" = UIStatusBarStyleDefault;
				"INFOPLIST_KEY_UIStatusBarStyle[sdk=iphonesimulator*]" = UIStatusBarStyleDefault;
				INFOPLIST_KEY_UISupportedInterfaceOrientations = UIInterfaceOrientationPortrait;
				IPHONEOS_DEPLOYMENT_TARGET = 18.2;
				LD_RUNPATH_SEARCH_PATHS = "@executable_path/Frameworks";
				"LD_RUNPATH_SEARCH_PATHS[sdk=macosx*]" = "@executable_path/../Frameworks";
				MACOSX_DEPLOYMENT_TARGET = 14.0;
				MARKETING_VERSION = 1.0;
				PRODUCT_BUNDLE_IDENTIFIER = Guuber.GuuberBETA;
				PRODUCT_NAME = "$(TARGET_NAME)";
				SDKROOT = auto;
				SUPPORTED_PLATFORMS = "iphoneos iphonesimulator macosx xros xrsimulator";
				SWIFT_EMIT_LOC_STRINGS = YES;
				SWIFT_VERSION = 5.0;
				TARGETED_DEVICE_FAMILY = "1,2,7";
				XROS_DEPLOYMENT_TARGET = 2.2;
			};
			name = Release;
		};
		326336122D6D0062009C705D /* Debug */ = {
			isa = XCBuildConfiguration;
			buildSettings = {
				BUNDLE_LOADER = "$(TEST_HOST)";
				CODE_SIGN_STYLE = Automatic;
				CURRENT_PROJECT_VERSION = 1;
				GENERATE_INFOPLIST_FILE = YES;
				IPHONEOS_DEPLOYMENT_TARGET = 18.2;
				MACOSX_DEPLOYMENT_TARGET = 15.2;
				MARKETING_VERSION = 1.0;
				PRODUCT_BUNDLE_IDENTIFIER = Guuber.GuuberBETATests;
				PRODUCT_NAME = "$(TARGET_NAME)";
				SDKROOT = auto;
				SUPPORTED_PLATFORMS = "iphoneos iphonesimulator macosx xros xrsimulator";
				SWIFT_EMIT_LOC_STRINGS = NO;
				SWIFT_VERSION = 5.0;
				TARGETED_DEVICE_FAMILY = "1,2,7";
				TEST_HOST = "$(BUILT_PRODUCTS_DIR)/GuuberBETA.app/$(BUNDLE_EXECUTABLE_FOLDER_PATH)/GuuberBETA";
				XROS_DEPLOYMENT_TARGET = 2.2;
			};
			name = Debug;
		};
		326336132D6D0062009C705D /* Release */ = {
			isa = XCBuildConfiguration;
			buildSettings = {
				BUNDLE_LOADER = "$(TEST_HOST)";
				CODE_SIGN_STYLE = Automatic;
				CURRENT_PROJECT_VERSION = 1;
				GENERATE_INFOPLIST_FILE = YES;
				IPHONEOS_DEPLOYMENT_TARGET = 18.2;
				MACOSX_DEPLOYMENT_TARGET = 15.2;
				MARKETING_VERSION = 1.0;
				PRODUCT_BUNDLE_IDENTIFIER = Guuber.GuuberBETATests;
				PRODUCT_NAME = "$(TARGET_NAME)";
				SDKROOT = auto;
				SUPPORTED_PLATFORMS = "iphoneos iphonesimulator macosx xros xrsimulator";
				SWIFT_EMIT_LOC_STRINGS = NO;
				SWIFT_VERSION = 5.0;
				TARGETED_DEVICE_FAMILY = "1,2,7";
				TEST_HOST = "$(BUILT_PRODUCTS_DIR)/GuuberBETA.app/$(BUNDLE_EXECUTABLE_FOLDER_PATH)/GuuberBETA";
				XROS_DEPLOYMENT_TARGET = 2.2;
			};
			name = Release;
		};
		326336152D6D0062009C705D /* Debug */ = {
			isa = XCBuildConfiguration;
			buildSettings = {
				CODE_SIGN_STYLE = Automatic;
				CURRENT_PROJECT_VERSION = 1;
				GENERATE_INFOPLIST_FILE = YES;
				IPHONEOS_DEPLOYMENT_TARGET = 18.2;
				MACOSX_DEPLOYMENT_TARGET = 15.2;
				MARKETING_VERSION = 1.0;
				PRODUCT_BUNDLE_IDENTIFIER = Guuber.GuuberBETAUITests;
				PRODUCT_NAME = "$(TARGET_NAME)";
				SDKROOT = auto;
				SUPPORTED_PLATFORMS = "iphoneos iphonesimulator macosx xros xrsimulator";
				SWIFT_EMIT_LOC_STRINGS = NO;
				SWIFT_VERSION = 5.0;
				TARGETED_DEVICE_FAMILY = "1,2,7";
				TEST_TARGET_NAME = GuuberBETA;
				XROS_DEPLOYMENT_TARGET = 2.2;
			};
			name = Debug;
		};
		326336162D6D0062009C705D /* Release */ = {
			isa = XCBuildConfiguration;
			buildSettings = {
				CODE_SIGN_STYLE = Automatic;
				CURRENT_PROJECT_VERSION = 1;
				GENERATE_INFOPLIST_FILE = YES;
				IPHONEOS_DEPLOYMENT_TARGET = 18.2;
				MACOSX_DEPLOYMENT_TARGET = 15.2;
				MARKETING_VERSION = 1.0;
				PRODUCT_BUNDLE_IDENTIFIER = Guuber.GuuberBETAUITests;
				PRODUCT_NAME = "$(TARGET_NAME)";
				SDKROOT = auto;
				SUPPORTED_PLATFORMS = "iphoneos iphonesimulator macosx xros xrsimulator";
				SWIFT_EMIT_LOC_STRINGS = NO;
				SWIFT_VERSION = 5.0;
				TARGETED_DEVICE_FAMILY = "1,2,7";
				TEST_TARGET_NAME = GuuberBETA;
				XROS_DEPLOYMENT_TARGET = 2.2;
			};
			name = Release;
		};
/* End XCBuildConfiguration section */

/* Begin XCConfigurationList section */
		326335E22D6D0060009C705D /* Build configuration list for PBXProject "GuuberBETA" */ = {
			isa = XCConfigurationList;
			buildConfigurations = (
				3263360C2D6D0062009C705D /* Debug */,
				3263360D2D6D0062009C705D /* Release */,
			);
			defaultConfigurationIsVisible = 0;
			defaultConfigurationName = Release;
		};
		3263360E2D6D0062009C705D /* Build configuration list for PBXNativeTarget "GuuberBETA" */ = {
			isa = XCConfigurationList;
			buildConfigurations = (
				3263360F2D6D0062009C705D /* Debug */,
				326336102D6D0062009C705D /* Release */,
			);
			defaultConfigurationIsVisible = 0;
			defaultConfigurationName = Release;
		};
		326336112D6D0062009C705D /* Build configuration list for PBXNativeTarget "GuuberBETATests" */ = {
			isa = XCConfigurationList;
			buildConfigurations = (
				326336122D6D0062009C705D /* Debug */,
				326336132D6D0062009C705D /* Release */,
			);
			defaultConfigurationIsVisible = 0;
			defaultConfigurationName = Release;
		};
		326336142D6D0062009C705D /* Build configuration list for PBXNativeTarget "GuuberBETAUITests" */ = {
			isa = XCConfigurationList;
			buildConfigurations = (
				326336152D6D0062009C705D /* Debug */,
				326336162D6D0062009C705D /* Release */,
			);
			defaultConfigurationIsVisible = 0;
			defaultConfigurationName = Release;
		};
/* End XCConfigurationList section */

/* Begin XCRemoteSwiftPackageReference section */
		326336192D6D054B009C705D /* XCRemoteSwiftPackageReference "firebase-ios-sdk" */ = {
			isa = XCRemoteSwiftPackageReference;
			repositoryURL = "https://github.com/firebase/firebase-ios-sdk";
			requirement = {
				kind = upToNextMajorVersion;
				minimumVersion = 11.8.1;
			};
		};
		32B2949C2D90874300D99FE0 /* XCRemoteSwiftPackageReference "GoogleSignIn-iOS" */ = {
			isa = XCRemoteSwiftPackageReference;
			repositoryURL = "https://github.com/google/GoogleSignIn-iOS.git";
			requirement = {
				kind = upToNextMajorVersion;
				minimumVersion = 8.0.0;
			};
		};
/* End XCRemoteSwiftPackageReference section */

/* Begin XCSwiftPackageProductDependency section */
		3263361A2D6D054B009C705D /* FirebaseAuth */ = {
			isa = XCSwiftPackageProductDependency;
			package = 326336192D6D054B009C705D /* XCRemoteSwiftPackageReference "firebase-ios-sdk" */;
			productName = FirebaseAuth;
		};
		3263361C2D6D054B009C705D /* FirebaseFirestore */ = {
			isa = XCSwiftPackageProductDependency;
			package = 326336192D6D054B009C705D /* XCRemoteSwiftPackageReference "firebase-ios-sdk" */;
			productName = FirebaseFirestore;
		};
		3263361E2D6D054B009C705D /* FirebaseFirestoreCombine-Community */ = {
			isa = XCSwiftPackageProductDependency;
			package = 326336192D6D054B009C705D /* XCRemoteSwiftPackageReference "firebase-ios-sdk" */;
			productName = "FirebaseFirestoreCombine-Community";
		};
		3275E8942D908D1A00510336 /* GoogleSignIn */ = {
			isa = XCSwiftPackageProductDependency;
			package = 32B2949C2D90874300D99FE0 /* XCRemoteSwiftPackageReference "GoogleSignIn-iOS" */;
			productName = GoogleSignIn;
		};
		3275E8962D908D2100510336 /* GoogleSignInSwift */ = {
			isa = XCSwiftPackageProductDependency;
			package = 32B2949C2D90874300D99FE0 /* XCRemoteSwiftPackageReference "GoogleSignIn-iOS" */;
			productName = GoogleSignInSwift;
		};
		3275E8982D908D3400510336 /* FirebaseCore */ = {
			isa = XCSwiftPackageProductDependency;
			package = 326336192D6D054B009C705D /* XCRemoteSwiftPackageReference "firebase-ios-sdk" */;
			productName = FirebaseCore;
		};
/* End XCSwiftPackageProductDependency section */
	};
	rootObject = 326335DF2D6D0060009C705D /* Project object */;
}
